// !$*UTF8*$!
{
	archiveVersion = 1;
	classes = {
	};
	objectVersion = 56;
	objects = {

/* Begin PBXBuildFile section */
		CD1E31452A59CD8D003B76C7 /* AppDelegate.swift in Sources */ = {isa = PBXBuildFile; fileRef = CD1E31442A59CD8D003B76C7 /* AppDelegate.swift */; };
		CD1E31472A59CD8D003B76C7 /* SceneDelegate.swift in Sources */ = {isa = PBXBuildFile; fileRef = CD1E31462A59CD8D003B76C7 /* SceneDelegate.swift */; };
		CD1E31492A59CD8D003B76C7 /* ViewController.swift in Sources */ = {isa = PBXBuildFile; fileRef = CD1E31482A59CD8D003B76C7 /* ViewController.swift */; };
		CD1E314C2A59CD8D003B76C7 /* Main.storyboard in Resources */ = {isa = PBXBuildFile; fileRef = CD1E314A2A59CD8D003B76C7 /* Main.storyboard */; };
		CD1E314E2A59CD8E003B76C7 /* Assets.xcassets in Resources */ = {isa = PBXBuildFile; fileRef = CD1E314D2A59CD8E003B76C7 /* Assets.xcassets */; };
		CD1E31512A59CD8E003B76C7 /* LaunchScreen.storyboard in Resources */ = {isa = PBXBuildFile; fileRef = CD1E314F2A59CD8E003B76C7 /* LaunchScreen.storyboard */; };
		CD1E315C2A59CD8E003B76C7 /* Video_PlayerTests.swift in Sources */ = {isa = PBXBuildFile; fileRef = CD1E315B2A59CD8E003B76C7 /* Video_PlayerTests.swift */; };
		CD1E31662A59CD8E003B76C7 /* Video_PlayerUITests.swift in Sources */ = {isa = PBXBuildFile; fileRef = CD1E31652A59CD8E003B76C7 /* Video_PlayerUITests.swift */; };
		CD1E31682A59CD8E003B76C7 /* Video_PlayerUITestsLaunchTests.swift in Sources */ = {isa = PBXBuildFile; fileRef = CD1E31672A59CD8E003B76C7 /* Video_PlayerUITestsLaunchTests.swift */; };
/* End PBXBuildFile section */

/* Begin PBXContainerItemProxy section */
		CD1E31582A59CD8E003B76C7 /* PBXContainerItemProxy */ = {
			isa = PBXContainerItemProxy;
			containerPortal = CD1E31392A59CD8D003B76C7 /* Project object */;
			proxyType = 1;
			remoteGlobalIDString = CD1E31402A59CD8D003B76C7;
			remoteInfo = "Video Player";
		};
		CD1E31622A59CD8E003B76C7 /* PBXContainerItemProxy */ = {
			isa = PBXContainerItemProxy;
			containerPortal = CD1E31392A59CD8D003B76C7 /* Project object */;
			proxyType = 1;
			remoteGlobalIDString = CD1E31402A59CD8D003B76C7;
			remoteInfo = "Video Player";
		};
/* End PBXContainerItemProxy section */

/* Begin PBXFileReference section */
		CD1E31412A59CD8D003B76C7 /* Video Player.app */ = {isa = PBXFileReference; explicitFileType = wrapper.application; includeInIndex = 0; path = "Video Player.app"; sourceTree = BUILT_PRODUCTS_DIR; };
		CD1E31442A59CD8D003B76C7 /* AppDelegate.swift */ = {isa = PBXFileReference; lastKnownFileType = sourcecode.swift; path = AppDelegate.swift; sourceTree = "<group>"; };
		CD1E31462A59CD8D003B76C7 /* SceneDelegate.swift */ = {isa = PBXFileReference; lastKnownFileType = sourcecode.swift; path = SceneDelegate.swift; sourceTree = "<group>"; };
		CD1E31482A59CD8D003B76C7 /* ViewController.swift */ = {isa = PBXFileReference; lastKnownFileType = sourcecode.swift; path = ViewController.swift; sourceTree = "<group>"; };
		CD1E314B2A59CD8D003B76C7 /* Base */ = {isa = PBXFileReference; lastKnownFileType = file.storyboard; name = Base; path = Base.lproj/Main.storyboard; sourceTree = "<group>"; };
		CD1E314D2A59CD8E003B76C7 /* Assets.xcassets */ = {isa = PBXFileReference; lastKnownFileType = folder.assetcatalog; path = Assets.xcassets; sourceTree = "<group>"; };
		CD1E31502A59CD8E003B76C7 /* Base */ = {isa = PBXFileReference; lastKnownFileType = file.storyboard; name = Base; path = Base.lproj/LaunchScreen.storyboard; sourceTree = "<group>"; };
		CD1E31522A59CD8E003B76C7 /* Info.plist */ = {isa = PBXFileReference; lastKnownFileType = text.plist.xml; path = Info.plist; sourceTree = "<group>"; };
		CD1E31572A59CD8E003B76C7 /* Video PlayerTests.xctest */ = {isa = PBXFileReference; explicitFileType = wrapper.cfbundle; includeInIndex = 0; path = "Video PlayerTests.xctest"; sourceTree = BUILT_PRODUCTS_DIR; };
		CD1E315B2A59CD8E003B76C7 /* Video_PlayerTests.swift */ = {isa = PBXFileReference; lastKnownFileType = sourcecode.swift; path = Video_PlayerTests.swift; sourceTree = "<group>"; };
		CD1E31612A59CD8E003B76C7 /* Video PlayerUITests.xctest */ = {isa = PBXFileReference; explicitFileType = wrapper.cfbundle; includeInIndex = 0; path = "Video PlayerUITests.xctest"; sourceTree = BUILT_PRODUCTS_DIR; };
		CD1E31652A59CD8E003B76C7 /* Video_PlayerUITests.swift */ = {isa = PBXFileReference; lastKnownFileType = sourcecode.swift; path = Video_PlayerUITests.swift; sourceTree = "<group>"; };
		CD1E31672A59CD8E003B76C7 /* Video_PlayerUITestsLaunchTests.swift */ = {isa = PBXFileReference; lastKnownFileType = sourcecode.swift; path = Video_PlayerUITestsLaunchTests.swift; sourceTree = "<group>"; };
/* End PBXFileReference section */

/* Begin PBXFrameworksBuildPhase section */
		CD1E313E2A59CD8D003B76C7 /* Frameworks */ = {
			isa = PBXFrameworksBuildPhase;
			buildActionMask = 2147483647;
			files = (
			);
			runOnlyForDeploymentPostprocessing = 0;
		};
		CD1E31542A59CD8E003B76C7 /* Frameworks */ = {
			isa = PBXFrameworksBuildPhase;
			buildActionMask = 2147483647;
			files = (
			);
			runOnlyForDeploymentPostprocessing = 0;
		};
		CD1E315E2A59CD8E003B76C7 /* Frameworks */ = {
			isa = PBXFrameworksBuildPhase;
			buildActionMask = 2147483647;
			files = (
			);
			runOnlyForDeploymentPostprocessing = 0;
		};
/* End PBXFrameworksBuildPhase section */

/* Begin PBXGroup section */
		CD1E31382A59CD8D003B76C7 = {
			isa = PBXGroup;
			children = (
				CD1E31432A59CD8D003B76C7 /* Video Player */,
				CD1E315A2A59CD8E003B76C7 /* Video PlayerTests */,
				CD1E31642A59CD8E003B76C7 /* Video PlayerUITests */,
				CD1E31422A59CD8D003B76C7 /* Products */,
			);
			sourceTree = "<group>";
		};
		CD1E31422A59CD8D003B76C7 /* Products */ = {
			isa = PBXGroup;
			children = (
				CD1E31412A59CD8D003B76C7 /* Video Player.app */,
				CD1E31572A59CD8E003B76C7 /* Video PlayerTests.xctest */,
				CD1E31612A59CD8E003B76C7 /* Video PlayerUITests.xctest */,
			);
			name = Products;
			sourceTree = "<group>";
		};
		CD1E31432A59CD8D003B76C7 /* Video Player */ = {
			isa = PBXGroup;
			children = (
				CD1E31442A59CD8D003B76C7 /* AppDelegate.swift */,
				CD1E31462A59CD8D003B76C7 /* SceneDelegate.swift */,
				CD1E31482A59CD8D003B76C7 /* ViewController.swift */,
				CD1E314A2A59CD8D003B76C7 /* Main.storyboard */,
				CD1E314D2A59CD8E003B76C7 /* Assets.xcassets */,
				CD1E314F2A59CD8E003B76C7 /* LaunchScreen.storyboard */,
				CD1E31522A59CD8E003B76C7 /* Info.plist */,
			);
			path = "Video Player";
			sourceTree = "<group>";
		};
		CD1E315A2A59CD8E003B76C7 /* Video PlayerTests */ = {
			isa = PBXGroup;
			children = (
				CD1E315B2A59CD8E003B76C7 /* Video_PlayerTests.swift */,
			);
			path = "Video PlayerTests";
			sourceTree = "<group>";
		};
		CD1E31642A59CD8E003B76C7 /* Video PlayerUITests */ = {
			isa = PBXGroup;
			children = (
				CD1E31652A59CD8E003B76C7 /* Video_PlayerUITests.swift */,
				CD1E31672A59CD8E003B76C7 /* Video_PlayerUITestsLaunchTests.swift */,
			);
			path = "Video PlayerUITests";
			sourceTree = "<group>";
		};
/* End PBXGroup section */

/* Begin PBXNativeTarget section */
		CD1E31402A59CD8D003B76C7 /* Video Player */ = {
			isa = PBXNativeTarget;
			buildConfigurationList = CD1E316B2A59CD8E003B76C7 /* Build configuration list for PBXNativeTarget "Video Player" */;
			buildPhases = (
				CD1E313D2A59CD8D003B76C7 /* Sources */,
				CD1E313E2A59CD8D003B76C7 /* Frameworks */,
				CD1E313F2A59CD8D003B76C7 /* Resources */,
			);
			buildRules = (
			);
			dependencies = (
			);
			name = "Video Player";
			productName = "Video Player";
			productReference = CD1E31412A59CD8D003B76C7 /* Video Player.app */;
			productType = "com.apple.product-type.application";
		};
		CD1E31562A59CD8E003B76C7 /* Video PlayerTests */ = {
			isa = PBXNativeTarget;
			buildConfigurationList = CD1E316E2A59CD8E003B76C7 /* Build configuration list for PBXNativeTarget "Video PlayerTests" */;
			buildPhases = (
				CD1E31532A59CD8E003B76C7 /* Sources */,
				CD1E31542A59CD8E003B76C7 /* Frameworks */,
				CD1E31552A59CD8E003B76C7 /* Resources */,
			);
			buildRules = (
			);
			dependencies = (
				CD1E31592A59CD8E003B76C7 /* PBXTargetDependency */,
			);
			name = "Video PlayerTests";
			productName = "Video PlayerTests";
			productReference = CD1E31572A59CD8E003B76C7 /* Video PlayerTests.xctest */;
			productType = "com.apple.product-type.bundle.unit-test";
		};
		CD1E31602A59CD8E003B76C7 /* Video PlayerUITests */ = {
			isa = PBXNativeTarget;
			buildConfigurationList = CD1E31712A59CD8E003B76C7 /* Build configuration list for PBXNativeTarget "Video PlayerUITests" */;
			buildPhases = (
				CD1E315D2A59CD8E003B76C7 /* Sources */,
				CD1E315E2A59CD8E003B76C7 /* Frameworks */,
				CD1E315F2A59CD8E003B76C7 /* Resources */,
			);
			buildRules = (
			);
			dependencies = (
				CD1E31632A59CD8E003B76C7 /* PBXTargetDependency */,
			);
			name = "Video PlayerUITests";
			productName = "Video PlayerUITests";
			productReference = CD1E31612A59CD8E003B76C7 /* Video PlayerUITests.xctest */;
			productType = "com.apple.product-type.bundle.ui-testing";
		};
/* End PBXNativeTarget section */

/* Begin PBXProject section */
		CD1E31392A59CD8D003B76C7 /* Project object */ = {
			isa = PBXProject;
			attributes = {
				BuildIndependentTargetsInParallel = 1;
				LastSwiftUpdateCheck = 1430;
				LastUpgradeCheck = 1430;
				TargetAttributes = {
					CD1E31402A59CD8D003B76C7 = {
						CreatedOnToolsVersion = 14.3.1;
					};
					CD1E31562A59CD8E003B76C7 = {
						CreatedOnToolsVersion = 14.3.1;
						TestTargetID = CD1E31402A59CD8D003B76C7;
					};
					CD1E31602A59CD8E003B76C7 = {
						CreatedOnToolsVersion = 14.3.1;
						TestTargetID = CD1E31402A59CD8D003B76C7;
					};
				};
			};
			buildConfigurationList = CD1E313C2A59CD8D003B76C7 /* Build configuration list for PBXProject "Video Player" */;
			compatibilityVersion = "Xcode 14.0";
			developmentRegion = en;
			hasScannedForEncodings = 0;
			knownRegions = (
				en,
				Base,
			);
			mainGroup = CD1E31382A59CD8D003B76C7;
			productRefGroup = CD1E31422A59CD8D003B76C7 /* Products */;
			projectDirPath = "";
			projectRoot = "";
			targets = (
				CD1E31402A59CD8D003B76C7 /* Video Player */,
				CD1E31562A59CD8E003B76C7 /* Video PlayerTests */,
				CD1E31602A59CD8E003B76C7 /* Video PlayerUITests */,
			);
		};
/* End PBXProject section */

/* Begin PBXResourcesBuildPhase section */
		CD1E313F2A59CD8D003B76C7 /* Resources */ = {
			isa = PBXResourcesBuildPhase;
			buildActionMask = 2147483647;
			files = (
				CD1E31512A59CD8E003B76C7 /* LaunchScreen.storyboard in Resources */,
				CD1E314E2A59CD8E003B76C7 /* Assets.xcassets in Resources */,
				CD1E314C2A59CD8D003B76C7 /* Main.storyboard in Resources */,
			);
			runOnlyForDeploymentPostprocessing = 0;
		};
		CD1E31552A59CD8E003B76C7 /* Resources */ = {
			isa = PBXResourcesBuildPhase;
			buildActionMask = 2147483647;
			files = (
			);
			runOnlyForDeploymentPostprocessing = 0;
		};
		CD1E315F2A59CD8E003B76C7 /* Resources */ = {
			isa = PBXResourcesBuildPhase;
			buildActionMask = 2147483647;
			files = (
			);
			runOnlyForDeploymentPostprocessing = 0;
		};
/* End PBXResourcesBuildPhase section */

/* Begin PBXSourcesBuildPhase section */
		CD1E313D2A59CD8D003B76C7 /* Sources */ = {
			isa = PBXSourcesBuildPhase;
			buildActionMask = 2147483647;
			files = (
				CD1E31492A59CD8D003B76C7 /* ViewController.swift in Sources */,
				CD1E31452A59CD8D003B76C7 /* AppDelegate.swift in Sources */,
				CD1E31472A59CD8D003B76C7 /* SceneDelegate.swift in Sources */,
			);
			runOnlyForDeploymentPostprocessing = 0;
		};
		CD1E31532A59CD8E003B76C7 /* Sources */ = {
			isa = PBXSourcesBuildPhase;
			buildActionMask = 2147483647;
			files = (
				CD1E315C2A59CD8E003B76C7 /* Video_PlayerTests.swift in Sources */,
			);
			runOnlyForDeploymentPostprocessing = 0;
		};
		CD1E315D2A59CD8E003B76C7 /* Sources */ = {
			isa = PBXSourcesBuildPhase;
			buildActionMask = 2147483647;
			files = (
				CD1E31662A59CD8E003B76C7 /* Video_PlayerUITests.swift in Sources */,
				CD1E31682A59CD8E003B76C7 /* Video_PlayerUITestsLaunchTests.swift in Sources */,
			);
			runOnlyForDeploymentPostprocessing = 0;
		};
/* End PBXSourcesBuildPhase section */

/* Begin PBXTargetDependency section */
		CD1E31592A59CD8E003B76C7 /* PBXTargetDependency */ = {
			isa = PBXTargetDependency;
			target = CD1E31402A59CD8D003B76C7 /* Video Player */;
			targetProxy = CD1E31582A59CD8E003B76C7 /* PBXContainerItemProxy */;
		};
		CD1E31632A59CD8E003B76C7 /* PBXTargetDependency */ = {
			isa = PBXTargetDependency;
			target = CD1E31402A59CD8D003B76C7 /* Video Player */;
			targetProxy = CD1E31622A59CD8E003B76C7 /* PBXContainerItemProxy */;
		};
/* End PBXTargetDependency section */

/* Begin PBXVariantGroup section */
		CD1E314A2A59CD8D003B76C7 /* Main.storyboard */ = {
			isa = PBXVariantGroup;
			children = (
				CD1E314B2A59CD8D003B76C7 /* Base */,
			);
			name = Main.storyboard;
			sourceTree = "<group>";
		};
		CD1E314F2A59CD8E003B76C7 /* LaunchScreen.storyboard */ = {
			isa = PBXVariantGroup;
			children = (
				CD1E31502A59CD8E003B76C7 /* Base */,
			);
			name = LaunchScreen.storyboard;
			sourceTree = "<group>";
		};
/* End PBXVariantGroup section */

/* Begin XCBuildConfiguration section */
		CD1E31692A59CD8E003B76C7 /* Debug */ = {
			isa = XCBuildConfiguration;
			buildSettings = {
				ALWAYS_SEARCH_USER_PATHS = NO;
				CLANG_ANALYZER_NONNULL = YES;
				CLANG_ANALYZER_NUMBER_OBJECT_CONVERSION = YES_AGGRESSIVE;
				CLANG_CXX_LANGUAGE_STANDARD = "gnu++20";
				CLANG_ENABLE_MODULES = YES;
				CLANG_ENABLE_OBJC_ARC = YES;
				CLANG_ENABLE_OBJC_WEAK = YES;
				CLANG_WARN_BLOCK_CAPTURE_AUTORELEASING = YES;
				CLANG_WARN_BOOL_CONVERSION = YES;
				CLANG_WARN_COMMA = YES;
				CLANG_WARN_CONSTANT_CONVERSION = YES;
				CLANG_WARN_DEPRECATED_OBJC_IMPLEMENTATIONS = YES;
				CLANG_WARN_DIRECT_OBJC_ISA_USAGE = YES_ERROR;
				CLANG_WARN_DOCUMENTATION_COMMENTS = YES;
				CLANG_WARN_EMPTY_BODY = YES;
				CLANG_WARN_ENUM_CONVERSION = YES;
				CLANG_WARN_INFINITE_RECURSION = YES;
				CLANG_WARN_INT_CONVERSION = YES;
				CLANG_WARN_NON_LITERAL_NULL_CONVERSION = YES;
				CLANG_WARN_OBJC_IMPLICIT_RETAIN_SELF = YES;
				CLANG_WARN_OBJC_LITERAL_CONVERSION = YES;
				CLANG_WARN_OBJC_ROOT_CLASS = YES_ERROR;
				CLANG_WARN_QUOTED_INCLUDE_IN_FRAMEWORK_HEADER = YES;
				CLANG_WARN_RANGE_LOOP_ANALYSIS = YES;
				CLANG_WARN_STRICT_PROTOTYPES = YES;
				CLANG_WARN_SUSPICIOUS_MOVE = YES;
				CLANG_WARN_UNGUARDED_AVAILABILITY = YES_AGGRESSIVE;
				CLANG_WARN_UNREACHABLE_CODE = YES;
				CLANG_WARN__DUPLICATE_METHOD_MATCH = YES;
				COPY_PHASE_STRIP = NO;
				DEBUG_INFORMATION_FORMAT = dwarf;
				ENABLE_STRICT_OBJC_MSGSEND = YES;
				ENABLE_TESTABILITY = YES;
				GCC_C_LANGUAGE_STANDARD = gnu11;
				GCC_DYNAMIC_NO_PIC = NO;
				GCC_NO_COMMON_BLOCKS = YES;
				GCC_OPTIMIZATION_LEVEL = 0;
				GCC_PREPROCESSOR_DEFINITIONS = (
					"DEBUG=1",
					"$(inherited)",
				);
				GCC_WARN_64_TO_32_BIT_CONVERSION = YES;
				GCC_WARN_ABOUT_RETURN_TYPE = YES_ERROR;
				GCC_WARN_UNDECLARED_SELECTOR = YES;
				GCC_WARN_UNINITIALIZED_AUTOS = YES_AGGRESSIVE;
				GCC_WARN_UNUSED_FUNCTION = YES;
				GCC_WARN_UNUSED_VARIABLE = YES;
				IPHONEOS_DEPLOYMENT_TARGET = 16.4;
				MTL_ENABLE_DEBUG_INFO = INCLUDE_SOURCE;
				MTL_FAST_MATH = YES;
				ONLY_ACTIVE_ARCH = YES;
				SDKROOT = iphoneos;
				SWIFT_ACTIVE_COMPILATION_CONDITIONS = DEBUG;
				SWIFT_OPTIMIZATION_LEVEL = "-Onone";
			};
			name = Debug;
		};
		CD1E316A2A59CD8E003B76C7 /* Release */ = {
			isa = XCBuildConfiguration;
			buildSettings = {
				ALWAYS_SEARCH_USER_PATHS = NO;
				CLANG_ANALYZER_NONNULL = YES;
				CLANG_ANALYZER_NUMBER_OBJECT_CONVERSION = YES_AGGRESSIVE;
				CLANG_CXX_LANGUAGE_STANDARD = "gnu++20";
				CLANG_ENABLE_MODULES = YES;
				CLANG_ENABLE_OBJC_ARC = YES;
				CLANG_ENABLE_OBJC_WEAK = YES;
				CLANG_WARN_BLOCK_CAPTURE_AUTORELEASING = YES;
				CLANG_WARN_BOOL_CONVERSION = YES;
				CLANG_WARN_COMMA = YES;
				CLANG_WARN_CONSTANT_CONVERSION = YES;
				CLANG_WARN_DEPRECATED_OBJC_IMPLEMENTATIONS = YES;
				CLANG_WARN_DIRECT_OBJC_ISA_USAGE = YES_ERROR;
				CLANG_WARN_DOCUMENTATION_COMMENTS = YES;
				CLANG_WARN_EMPTY_BODY = YES;
				CLANG_WARN_ENUM_CONVERSION = YES;
				CLANG_WARN_INFINITE_RECURSION = YES;
				CLANG_WARN_INT_CONVERSION = YES;
				CLANG_WARN_NON_LITERAL_NULL_CONVERSION = YES;
				CLANG_WARN_OBJC_IMPLICIT_RETAIN_SELF = YES;
				CLANG_WARN_OBJC_LITERAL_CONVERSION = YES;
				CLANG_WARN_OBJC_ROOT_CLASS = YES_ERROR;
				CLANG_WARN_QUOTED_INCLUDE_IN_FRAMEWORK_HEADER = YES;
				CLANG_WARN_RANGE_LOOP_ANALYSIS = YES;
				CLANG_WARN_STRICT_PROTOTYPES = YES;
				CLANG_WARN_SUSPICIOUS_MOVE = YES;
				CLANG_WARN_UNGUARDED_AVAILABILITY = YES_AGGRESSIVE;
				CLANG_WARN_UNREACHABLE_CODE = YES;
				CLANG_WARN__DUPLICATE_METHOD_MATCH = YES;
				COPY_PHASE_STRIP = NO;
				DEBUG_INFORMATION_FORMAT = "dwarf-with-dsym";
				ENABLE_NS_ASSERTIONS = NO;
				ENABLE_STRICT_OBJC_MSGSEND = YES;
				GCC_C_LANGUAGE_STANDARD = gnu11;
				GCC_NO_COMMON_BLOCKS = YES;
				GCC_WARN_64_TO_32_BIT_CONVERSION = YES;
				GCC_WARN_ABOUT_RETURN_TYPE = YES_ERROR;
				GCC_WARN_UNDECLARED_SELECTOR = YES;
				GCC_WARN_UNINITIALIZED_AUTOS = YES_AGGRESSIVE;
				GCC_WARN_UNUSED_FUNCTION = YES;
				GCC_WARN_UNUSED_VARIABLE = YES;
				IPHONEOS_DEPLOYMENT_TARGET = 16.4;
				MTL_ENABLE_DEBUG_INFO = NO;
				MTL_FAST_MATH = YES;
				SDKROOT = iphoneos;
				SWIFT_COMPILATION_MODE = wholemodule;
				SWIFT_OPTIMIZATION_LEVEL = "-O";
				VALIDATE_PRODUCT = YES;
			};
			name = Release;
		};
		CD1E316C2A59CD8E003B76C7 /* Debug */ = {
			isa = XCBuildConfiguration;
			buildSettings = {
				ASSETCATALOG_COMPILER_APPICON_NAME = AppIcon;
				ASSETCATALOG_COMPILER_GLOBAL_ACCENT_COLOR_NAME = AccentColor;
				CODE_SIGN_STYLE = Automatic;
				CURRENT_PROJECT_VERSION = 1;
				DEVELOPMENT_TEAM = 944MKRCGTA;
				GENERATE_INFOPLIST_FILE = YES;
				INFOPLIST_FILE = "Video Player/Info.plist";
				INFOPLIST_KEY_UIApplicationSupportsIndirectInputEvents = YES;
				INFOPLIST_KEY_UILaunchStoryboardName = LaunchScreen;
				INFOPLIST_KEY_UIMainStoryboardFile = Main;
				INFOPLIST_KEY_UISupportedInterfaceOrientations_iPad = "UIInterfaceOrientationPortrait UIInterfaceOrientationPortraitUpsideDown UIInterfaceOrientationLandscapeLeft UIInterfaceOrientationLandscapeRight";
				INFOPLIST_KEY_UISupportedInterfaceOrientations_iPhone = "UIInterfaceOrientationPortrait UIInterfaceOrientationLandscapeLeft UIInterfaceOrientationLandscapeRight";
				LD_RUNPATH_SEARCH_PATHS = (
					"$(inherited)",
					"@executable_path/Frameworks",
				);
				MARKETING_VERSION = 1.0;
				PRODUCT_BUNDLE_IDENTIFIER = "com.oquad.Video-Player";
				PRODUCT_NAME = "$(TARGET_NAME)";
				SWIFT_EMIT_LOC_STRINGS = YES;
				SWIFT_VERSION = 5.0;
				TARGETED_DEVICE_FAMILY = "1,2";
			};
			name = Debug;
		};
		CD1E316D2A59CD8E003B76C7 /* Release */ = {
			isa = XCBuildConfiguration;
			buildSettings = {
				ASSETCATALOG_COMPILER_APPICON_NAME = AppIcon;
				ASSETCATALOG_COMPILER_GLOBAL_ACCENT_COLOR_NAME = AccentColor;
				CODE_SIGN_STYLE = Automatic;
				CURRENT_PROJECT_VERSION = 1;
				DEVELOPMENT_TEAM = 944MKRCGTA;
				GENERATE_INFOPLIST_FILE = YES;
				INFOPLIST_FILE = "Video Player/Info.plist";
				INFOPLIST_KEY_UIApplicationSupportsIndirectInputEvents = YES;
				INFOPLIST_KEY_UILaunchStoryboardName = LaunchScreen;
				INFOPLIST_KEY_UIMainStoryboardFile = Main;
				INFOPLIST_KEY_UISupportedInterfaceOrientations_iPad = "UIInterfaceOrientationPortrait UIInterfaceOrientationPortraitUpsideDown UIInterfaceOrientationLandscapeLeft UIInterfaceOrientationLandscapeRight";
				INFOPLIST_KEY_UISupportedInterfaceOrientations_iPhone = "UIInterfaceOrientationPortrait UIInterfaceOrientationLandscapeLeft UIInterfaceOrientationLandscapeRight";
				LD_RUNPATH_SEARCH_PATHS = (
					"$(inherited)",
					"@executable_path/Frameworks",
				);
				MARKETING_VERSION = 1.0;
				PRODUCT_BUNDLE_IDENTIFIER = "com.oquad.Video-Player";
				PRODUCT_NAME = "$(TARGET_NAME)";
				SWIFT_EMIT_LOC_STRINGS = YES;
				SWIFT_VERSION = 5.0;
				TARGETED_DEVICE_FAMILY = "1,2";
			};
			name = Release;
		};
		CD1E316F2A59CD8E003B76C7 /* Debug */ = {
			isa = XCBuildConfiguration;
			buildSettings = {
				ALWAYS_EMBED_SWIFT_STANDARD_LIBRARIES = YES;
				BUNDLE_LOADER = "$(TEST_HOST)";
				CODE_SIGN_STYLE = Automatic;
				CURRENT_PROJECT_VERSION = 1;
				DEVELOPMENT_TEAM = 944MKRCGTA;
				GENERATE_INFOPLIST_FILE = YES;
				IPHONEOS_DEPLOYMENT_TARGET = 16.4;
				MARKETING_VERSION = 1.0;
				PRODUCT_BUNDLE_IDENTIFIER = "com.oquad.Video-PlayerTests";
				PRODUCT_NAME = "$(TARGET_NAME)";
				SWIFT_EMIT_LOC_STRINGS = NO;
				SWIFT_VERSION = 5.0;
				TARGETED_DEVICE_FAMILY = "1,2";
				TEST_HOST = "$(BUILT_PRODUCTS_DIR)/Video Player.app/$(BUNDLE_EXECUTABLE_FOLDER_PATH)/Video Player";
			};
			name = Debug;
		};
		CD1E31702A59CD8E003B76C7 /* Release */ = {
			isa = XCBuildConfiguration;
			buildSettings = {
				ALWAYS_EMBED_SWIFT_STANDARD_LIBRARIES = YES;
				BUNDLE_LOADER = "$(TEST_HOST)";
				CODE_SIGN_STYLE = Automatic;
				CURRENT_PROJECT_VERSION = 1;
				DEVELOPMENT_TEAM = 944MKRCGTA;
				GENERATE_INFOPLIST_FILE = YES;
				IPHONEOS_DEPLOYMENT_TARGET = 16.4;
				MARKETING_VERSION = 1.0;
				PRODUCT_BUNDLE_IDENTIFIER = "com.oquad.Video-PlayerTests";
				PRODUCT_NAME = "$(TARGET_NAME)";
				SWIFT_EMIT_LOC_STRINGS = NO;
				SWIFT_VERSION = 5.0;
				TARGETED_DEVICE_FAMILY = "1,2";
				TEST_HOST = "$(BUILT_PRODUCTS_DIR)/Video Player.app/$(BUNDLE_EXECUTABLE_FOLDER_PATH)/Video Player";
			};
			name = Release;
		};
		CD1E31722A59CD8E003B76C7 /* Debug */ = {
			isa = XCBuildConfiguration;
			buildSettings = {
				ALWAYS_EMBED_SWIFT_STANDARD_LIBRARIES = YES;
				CODE_SIGN_STYLE = Automatic;
				CURRENT_PROJECT_VERSION = 1;
				DEVELOPMENT_TEAM = 944MKRCGTA;
				GENERATE_INFOPLIST_FILE = YES;
				MARKETING_VERSION = 1.0;
				PRODUCT_BUNDLE_IDENTIFIER = "com.oquad.Video-PlayerUITests";
				PRODUCT_NAME = "$(TARGET_NAME)";
				SWIFT_EMIT_LOC_STRINGS = NO;
				SWIFT_VERSION = 5.0;
				TARGETED_DEVICE_FAMILY = "1,2";
				TEST_TARGET_NAME = "Video Player";
			};
			name = Debug;
		};
		CD1E31732A59CD8E003B76C7 /* Release */ = {
			isa = XCBuildConfiguration;
			buildSettings = {
				ALWAYS_EMBED_SWIFT_STANDARD_LIBRARIES = YES;
				CODE_SIGN_STYLE = Automatic;
				CURRENT_PROJECT_VERSION = 1;
				DEVELOPMENT_TEAM = 944MKRCGTA;
				GENERATE_INFOPLIST_FILE = YES;
				MARKETING_VERSION = 1.0;
				PRODUCT_BUNDLE_IDENTIFIER = "com.oquad.Video-PlayerUITests";
				PRODUCT_NAME = "$(TARGET_NAME)";
				SWIFT_EMIT_LOC_STRINGS = NO;
				SWIFT_VERSION = 5.0;
				TARGETED_DEVICE_FAMILY = "1,2";
				TEST_TARGET_NAME = "Video Player";
			};
			name = Release;
		};
/* End XCBuildConfiguration section */

/* Begin XCConfigurationList section */
		CD1E313C2A59CD8D003B76C7 /* Build configuration list for PBXProject "Video Player" */ = {
			isa = XCConfigurationList;
			buildConfigurations = (
				CD1E31692A59CD8E003B76C7 /* Debug */,
				CD1E316A2A59CD8E003B76C7 /* Release */,
			);
			defaultConfigurationIsVisible = 0;
			defaultConfigurationName = Release;
		};
		CD1E316B2A59CD8E003B76C7 /* Build configuration list for PBXNativeTarget "Video Player" */ = {
			isa = XCConfigurationList;
			buildConfigurations = (
				CD1E316C2A59CD8E003B76C7 /* Debug */,
				CD1E316D2A59CD8E003B76C7 /* Release */,
			);
			defaultConfigurationIsVisible = 0;
			defaultConfigurationName = Release;
		};
		CD1E316E2A59CD8E003B76C7 /* Build configuration list for PBXNativeTarget "Video PlayerTests" */ = {
			isa = XCConfigurationList;
			buildConfigurations = (
				CD1E316F2A59CD8E003B76C7 /* Debug */,
				CD1E31702A59CD8E003B76C7 /* Release */,
			);
			defaultConfigurationIsVisible = 0;
			defaultConfigurationName = Release;
		};
		CD1E31712A59CD8E003B76C7 /* Build configuration list for PBXNativeTarget "Video PlayerUITests" */ = {
			isa = XCConfigurationList;
			buildConfigurations = (
				CD1E31722A59CD8E003B76C7 /* Debug */,
				CD1E31732A59CD8E003B76C7 /* Release */,
			);
			defaultConfigurationIsVisible = 0;
			defaultConfigurationName = Release;
		};
/* End XCConfigurationList section */
	};
	rootObject = CD1E31392A59CD8D003B76C7 /* Project object */;
}
